{
  "name": "@ngx-containify/core",
  "version": "0.0.1",
  "lockfileVersion": 1,
  "requires": true,
  "dependencies": {
    "@types/node": {
      "version": "16.9.2",
      "resolved": "https://registry.npmjs.org/@types/node/-/node-16.9.2.tgz",
      "integrity": "sha512-ZHty/hKoOLZvSz6BtP1g7tc7nUeJhoCf3flLjh8ZEv1vFKBWHXcnMbJMyN/pftSljNyy0kNW/UqI3DccnBnZ8w==",
      "dev": true
    },
    "postmate": {
      "version": "1.5.2",
      "resolved": "https://registry.npmjs.org/postmate/-/postmate-1.5.2.tgz",
      "integrity": "sha512-EHLlEmrUA/hALls49oBrtE7BzDXXjB9EiO4MZpsoO3R/jRuBmD+2WKQuYAbeuVEpTzrPpUTT79z2cz4qaFgPRg=="
    }
  }
}
